{
  "requires": true,
  "lockfileVersion": 1,
  "dependencies": {
    "bootswatch": {
      "version": "5.0.2",
      "resolved": "https://registry.npmjs.org/bootswatch/-/bootswatch-5.0.2.tgz",
      "integrity": "sha512-mND4kaJ8/j9Iy1IRBrJfP6bi92wICTxuT9ZA2+b8RuVU9YYBH6du2yzgPt+yQ+kBjgRaIq3enhPpy8LU7J8Trg=="
    }
  }
}
